<?xml version="1.0" encoding="utf-8"?>
<Project ToolsVersion="4.0" xmlns="http://schemas.microsoft.com/developer/msbuild/2003">
  <ItemGroup>
    <Filter Include="Common">
      <UniqueIdentifier>ed8bbdac-c6bb-455c-9bdf-5c87a4022792</UniqueIdentifier>
    </Filter>
    <Filter Include="Assets">
      <UniqueIdentifier>0bb57d17-e7cf-4851-a4da-485f7ecb14b6</UniqueIdentifier>
      <Extensions>bmp;fbx;gif;jpg;jpeg;tga;tiff;tif;png</Extensions>
    </Filter>
    <Filter Include="Content">
      <UniqueIdentifier>a4e69301-5065-4239-a32a-562001ebe2c9</UniqueIdentifier>
    </Filter>
    <ClInclude Include="Common\DirectXHelper.h">
      <Filter>Common</Filter>
    </ClInclude>
    <ClInclude Include="Common\StepTimer.h">
      <Filter>Common</Filter>
    </ClInclude>
    <ClInclude Include="Common\DeviceResources.h">
      <Filter>Common</Filter>
    </ClInclude>
    <ClCompile Include="Common\DeviceResources.cpp">
      <Filter>Common</Filter>
    </ClCompile>
    <ClInclude Include="Content\Sample3DSceneRenderer.h">
      <Filter>Content</Filter>
    </ClInclude>
    <ClInclude Include="Content\SampleFpsTextRenderer.h">
      <Filter>Content</Filter>
    </ClInclude>
    <ClInclude Include="Content\ShaderStructures.h">
      <Filter>Content</Filter>
    </ClInclude>
    <ClCompile Include="Content\Sample3DSceneRenderer.cpp">
      <Filter>Content</Filter>
    </ClCompile>
    <ClCompile Include="Content\SampleFpsTextRenderer.cpp">
      <Filter>Content</Filter>
    </ClCompile>
    <FxCompile Include="Content\SamplePixelShader.hlsl">
      <Filter>Content</Filter>
    </FxCompile>
    <FxCompile Include="Content\SampleVertexShader.hlsl">
      <Filter>Content</Filter>
    </FxCompile>
    <Image Include="Assets\LockScreenLogo.scale-200.png">
      <Filter>Assets</Filter>
    </Image>
    <Image Include="Assets\SplashScreen.scale-200.png">
      <Filter>Assets</Filter>
    </Image>
    <Image Include="Assets\Square150x150Logo.scale-200.png">
      <Filter>Assets</Filter>
    </Image>
    <Image Include="Assets\Square44x44Logo.scale-200.png">
      <Filter>Assets</Filter>
    </Image>
    <Image Include="Assets\Square44x44Logo.targetsize-24_altform-unplated.png">
      <Filter>Assets</Filter>
    </Image>
    <Image Include="Assets\Wide310x150Logo.scale-200.png">
      <Filter>Assets</Filter>
    </Image>
  </ItemGroup>
  <ItemGroup>
    <ClCompile Include="App.cpp" />
    <ClCompile Include="AdvancedRenderingDefaultProjectMain.cpp" />
    <ClCompile Include="pch.cpp" />
    <ClCompile Include="Common\DDSTextureLoader.cpp">
      <Filter>Common</Filter>
    </ClCompile>
  </ItemGroup>
  <ItemGroup>
    <ClInclude Include="App.h" />
    <ClInclude Include="AdvancedRenderingDefaultProjectMain.h" />
    <ClInclude Include="pch.h" />
    <ClInclude Include="Common\DDSTextureLoader.h">
      <Filter>Common</Filter>
    </ClInclude>
  </ItemGroup>
  <ItemGroup>
    <Image Include="Assets\StoreLogo.png">
      <Filter>Assets</Filter>
    </Image>
    <Image Include="Assets\grassBlade.dds">
      <Filter>Assets</Filter>
    </Image>
    <Image Include="C:\Users\User\Desktop\rockyDisp.dds">
      <Filter>Assets</Filter>
    </Image>
    <Image Include="C:\Users\User\Desktop\rockyNormal.dds">
      <Filter>Assets</Filter>
    </Image>
    <Image Include="snaketex.dds">
      <Filter>Assets</Filter>
    </Image>
  </ItemGroup>
  <ItemGroup>
    <AppxManifest Include="Package.appxmanifest" />
  </ItemGroup>
  <ItemGroup>
    <None Include="AdvancedRenderingDefaultProject_TemporaryKey.pfx" />
  </ItemGroup>
  <ItemGroup>
    <FxCompile Include="HullShader.hlsl">
      <Filter>Content</Filter>
    </FxCompile>
    <FxCompile Include="DomainShader.hlsl">
      <Filter>Content</Filter>
    </FxCompile>
    <FxCompile Include="GrassParticleGS.hlsl">
      <Filter>Content</Filter>
    </FxCompile>
    <FxCompile Include="SnakeGS.hlsl">
      <Filter>Content</Filter>
    </FxCompile>
    <FxCompile Include="SnakeVS.hlsl">
      <Filter>Content</Filter>
    </FxCompile>
    <FxCompile Include="GrassVS.hlsl">
      <Filter>Content</Filter>
    </FxCompile>
    <FxCompile Include="ImplicitPixelShader.hlsl">
      <Filter>Content</Filter>
    </FxCompile>
    <FxCompile Include="ImplicitVS.hlsl">
      <Filter>Content</Filter>
    </FxCompile>
    <FxCompile Include="SnakePS.hlsl">
      <Filter>Content</Filter>
    </FxCompile>
    <FxCompile Include="ParametricDS.hlsl">
      <Filter>Content</Filter>
    </FxCompile>
    <FxCompile Include="ParametricHS.hlsl">
      <Filter>Content</Filter>
    </FxCompile>
    <FxCompile Include="ParametricVS.hlsl">
      <Filter>Content</Filter>
    </FxCompile>
    <FxCompile Include="ParametricPS.hlsl">
      <Filter>Content</Filter>
    </FxCompile>
    <FxCompile Include="ParametricSphereHS.hlsl">
      <Filter>Content</Filter>
    </FxCompile>
    <FxCompile Include="ParametricSphereDS.hlsl">
      <Filter>Content</Filter>
    </FxCompile>
    <FxCompile Include="GrassPS.hlsl">
      <Filter>Content</Filter>
    </FxCompile>
  </ItemGroup>
</Project>